<?xml version="1.0" encoding="utf-8"?>
<Project ToolsVersion="4.0" xmlns="http://schemas.microsoft.com/developer/msbuild/2003">
  <ItemGroup>
    <Filter Include="Source Files">
      <UniqueIdentifier>{4FC737F1-C7A5-4376-A066-2A32D752A2FF}</UniqueIdentifier>
      <Extensions>cpp;c;cc;cxx;c++;cppm;ixx;def;odl;idl;hpj;bat;asm;asmx</Extensions>
    </Filter>
    <Filter Include="Header Files">
      <UniqueIdentifier>{93995380-89BD-4b04-88EB-625FBE52EBFB}</UniqueIdentifier>
      <Extensions>h;hh;hpp;hxx;h++;hm;inl;inc;ipp;xsd</Extensions>
    </Filter>
    <Filter Include="Resource Files">
      <UniqueIdentifier>{67DA6AB6-F800-4c08-8B7A-83BB121AAD01}</UniqueIdentifier>
      <Extensions>rc;ico;cur;bmp;dlg;rc2;rct;bin;rgs;gif;jpg;jpeg;jpe;resx;tiff;tif;png;wav;mfcribbon-ms</Extensions>
    </Filter>
  </ItemGroup>
  <ItemGroup>
    <ClInclude Include="include\begin_code.h">
      <Filter>Header Files</Filter>
    </ClInclude>
    <ClInclude Include="include\close_code.h">
      <Filter>Header Files</Filter>
    </ClInclude>
    <ClInclude Include="include\G3DAll.h">
      <Filter>Header Files</Filter>
    </ClInclude>
    <ClInclude Include="include\GLG3D.h">
      <Filter>Header Files</Filter>
    </ClInclude>
    <ClInclude Include="include\graphics3D.h">
      <Filter>Header Files</Filter>
    </ClInclude>
    <ClInclude Include="include\SDL.h">
      <Filter>Header Files</Filter>
    </ClInclude>
    <ClInclude Include="include\SDL_active.h">
      <Filter>Header Files</Filter>
    </ClInclude>
    <ClInclude Include="include\SDL_audio.h">
      <Filter>Header Files</Filter>
    </ClInclude>
    <ClInclude Include="include\SDL_byteorder.h">
      <Filter>Header Files</Filter>
    </ClInclude>
    <ClInclude Include="include\SDL_cdrom.h">
      <Filter>Header Files</Filter>
    </ClInclude>
    <ClInclude Include="include\SDL_config.h">
      <Filter>Header Files</Filter>
    </ClInclude>
    <ClInclude Include="include\SDL_config_amiga.h">
      <Filter>Header Files</Filter>
    </ClInclude>
    <ClInclude Include="include\SDL_config_dreamcast.h">
      <Filter>Header Files</Filter>
    </ClInclude>
    <ClInclude Include="include\SDL_config_macos.h">
      <Filter>Header Files</Filter>
    </ClInclude>
    <ClInclude Include="include\SDL_config_macosx.h">
      <Filter>Header Files</Filter>
    </ClInclude>
    <ClInclude Include="include\SDL_config_minimal.h">
      <Filter>Header Files</Filter>
    </ClInclude>
    <ClInclude Include="include\SDL_config_os2.h">
      <Filter>Header Files</Filter>
    </ClInclude>
    <ClInclude Include="include\SDL_config_win32.h">
      <Filter>Header Files</Filter>
    </ClInclude>
    <ClInclude Include="include\SDL_copying.h">
      <Filter>Header Files</Filter>
    </ClInclude>
    <ClInclude Include="include\SDL_cpuinfo.h">
      <Filter>Header Files</Filter>
    </ClInclude>
    <ClInclude Include="include\SDL_endian.h">
      <Filter>Header Files</Filter>
    </ClInclude>
    <ClInclude Include="include\SDL_error.h">
      <Filter>Header Files</Filter>
    </ClInclude>
    <ClInclude Include="include\SDL_events.h">
      <Filter>Header Files</Filter>
    </ClInclude>
    <ClInclude Include="include\SDL_getenv.h">
      <Filter>Header Files</Filter>
    </ClInclude>
    <ClInclude Include="include\SDL_joystick.h">
      <Filter>Header Files</Filter>
    </ClInclude>
    <ClInclude Include="include\SDL_keyboard.h">
      <Filter>Header Files</Filter>
    </ClInclude>
    <ClInclude Include="include\SDL_keysym.h">
      <Filter>Header Files</Filter>
    </ClInclude>
    <ClInclude Include="include\SDL_loadso.h">
      <Filter>Header Files</Filter>
    </ClInclude>
    <ClInclude Include="include\SDL_main.h">
      <Filter>Header Files</Filter>
    </ClInclude>
    <ClInclude Include="include\SDL_mouse.h">
      <Filter>Header Files</Filter>
    </ClInclude>
    <ClInclude Include="include\SDL_mutex.h">
      <Filter>Header Files</Filter>
    </ClInclude>
    <ClInclude Include="include\SDL_name.h">
      <Filter>Header Files</Filter>
    </ClInclude>
    <ClInclude Include="include\SDL_opengl.h">
      <Filter>Header Files</Filter>
    </ClInclude>
    <ClInclude Include="include\SDL_platform.h">
      <Filter>Header Files</Filter>
    </ClInclude>
    <ClInclude Include="include\SDL_quit.h">
      <Filter>Header Files</Filter>
    </ClInclude>
    <ClInclude Include="include\SDL_rwops.h">
      <Filter>Header Files</Filter>
    </ClInclude>
    <ClInclude Include="include\SDL_stdinc.h">
      <Filter>Header Files</Filter>
    </ClInclude>
    <ClInclude Include="include\SDL_syswm.h">
      <Filter>Header Files</Filter>
    </ClInclude>
    <ClInclude Include="include\SDL_thread.h">
      <Filter>Header Files</Filter>
    </ClInclude>
    <ClInclude Include="include\SDL_timer.h">
      <Filter>Header Files</Filter>
    </ClInclude>
    <ClInclude Include="include\SDL_types.h">
      <Filter>Header Files</Filter>
    </ClInclude>
    <ClInclude Include="include\SDL_version.h">
      <Filter>Header Files</Filter>
    </ClInclude>
    <ClInclude Include="include\SDL_video.h">
      <Filter>Header Files</Filter>
    </ClInclude>
    <ClInclude Include="include\glh\glh_glut.h">
      <Filter>Header Files</Filter>
    </ClInclude>
    <ClInclude Include="include\glh\glh_glut_callfunc.h">
      <Filter>Header Files</Filter>
    </ClInclude>
    <ClInclude Include="include\glh\glh_glut_replay.h">
      <Filter>Header Files</Filter>
    </ClInclude>
    <ClInclude Include="include\glh\glh_glut_text.h">
      <Filter>Header Files</Filter>
    </ClInclude>
    <ClInclude Include="include\glh\glh_glut2.h">
      <Filter>Header Files</Filter>
    </ClInclude>
    <ClInclude Include="include\glh\glh_interactors.h">
      <Filter>Header Files</Filter>
    </ClInclude>
    <ClInclude Include="include\glh\glh_linear.h">
      <Filter>Header Files</Filter>
    </ClInclude>
    <ClInclude Include="include\glh\glh_mipmaps.h">
      <Filter>Header Files</Filter>
    </ClInclude>
    <ClInclude Include="include\glh\glh_nveb.h">
      <Filter>Header Files</Filter>
    </ClInclude>
    <ClInclude Include="include\glh\glh_obs.h">
      <Filter>Header Files</Filter>
    </ClInclude>
    <ClInclude Include="include\glh\glh_text.h">
      <Filter>Header Files</Filter>
    </ClInclude>
    <ClInclude Include="include\glh\glut.h">
      <Filter>Header Files</Filter>
    </ClInclude>
    <ClInclude Include="include\G3D\AABox.h">
      <Filter>Header Files</Filter>
    </ClInclude>
    <ClInclude Include="include\G3D\AABSPTree.h">
      <Filter>Header Files</Filter>
    </ClInclude>
    <ClInclude Include="include\G3D\Array.h">
      <Filter>Header Files</Filter>
    </ClInclude>
    <ClInclude Include="include\G3D\AtomicInt32.h">
      <Filter>Header Files</Filter>
    </ClInclude>
    <ClInclude Include="include\G3D\BigInt.h">
      <Filter>Header Files</Filter>
    </ClInclude>
    <ClInclude Include="include\G3D\BinaryFormat.h">
      <Filter>Header Files</Filter>
    </ClInclude>
    <ClInclude Include="include\G3D\BinaryInput.h">
      <Filter>Header Files</Filter>
    </ClInclude>
    <ClInclude Include="include\G3D\BinaryOutput.h">
      <Filter>Header Files</Filter>
    </ClInclude>
    <ClInclude Include="include\G3D\Box.h">
      <Filter>Header Files</Filter>
    </ClInclude>
    <ClInclude Include="include\G3D\Capsule.h">
      <Filter>Header Files</Filter>
    </ClInclude>
    <ClInclude Include="include\G3D\CollisionDetection.h">
      <Filter>Header Files</Filter>
    </ClInclude>
    <ClInclude Include="include\G3D\Color3.h">
      <Filter>Header Files</Filter>
    </ClInclude>
    <ClInclude Include="include\G3D\Color3uint8.h">
      <Filter>Header Files</Filter>
    </ClInclude>
    <ClInclude Include="include\G3D\Color4.h">
      <Filter>Header Files</Filter>
    </ClInclude>
    <ClInclude Include="include\G3D\Color4uint8.h">
      <Filter>Header Files</Filter>
    </ClInclude>
    <ClInclude Include="include\G3D\Cone.h">
      <Filter>Header Files</Filter>
    </ClInclude>
    <ClInclude Include="include\G3D\ConvexPolyhedron.h">
      <Filter>Header Files</Filter>
    </ClInclude>
    <ClInclude Include="include\G3D\CoordinateFrame.h">
      <Filter>Header Files</Filter>
    </ClInclude>
    <ClInclude Include="include\G3D\Crypto.h">
      <Filter>Header Files</Filter>
    </ClInclude>
    <ClInclude Include="include\G3D\Cylinder.h">
      <Filter>Header Files</Filter>
    </ClInclude>
    <ClInclude Include="include\G3D\debug.h">
      <Filter>Header Files</Filter>
    </ClInclude>
    <ClInclude Include="include\G3D\debugAssert.h">
      <Filter>Header Files</Filter>
    </ClInclude>
    <ClInclude Include="include\G3D\debugPrintf.h">
      <Filter>Header Files</Filter>
    </ClInclude>
    <ClInclude Include="include\G3D\Discovery.h">
      <Filter>Header Files</Filter>
    </ClInclude>
    <ClInclude Include="include\G3D\fileutils.h">
      <Filter>Header Files</Filter>
    </ClInclude>
    <ClInclude Include="include\G3D\format.h">
      <Filter>Header Files</Filter>
    </ClInclude>
    <ClInclude Include="include\G3D\g3derror.h">
      <Filter>Header Files</Filter>
    </ClInclude>
    <ClInclude Include="include\G3D\G3DGameUnits.h">
      <Filter>Header Files</Filter>
    </ClInclude>
    <ClInclude Include="include\G3D\g3dmath.h">
      <Filter>Header Files</Filter>
    </ClInclude>
    <ClInclude Include="include\G3D\GCamera.h">
      <Filter>Header Files</Filter>
    </ClInclude>
    <ClInclude Include="include\G3D\GImage.h">
      <Filter>Header Files</Filter>
    </ClInclude>
    <ClInclude Include="include\G3D\GLight.h">
      <Filter>Header Files</Filter>
    </ClInclude>
    <ClInclude Include="include\G3D\GThread.h">
      <Filter>Header Files</Filter>
    </ClInclude>
    <ClInclude Include="include\G3D\Line.h">
      <Filter>Header Files</Filter>
    </ClInclude>
    <ClInclude Include="include\G3D\LineSegment.h">
      <Filter>Header Files</Filter>
    </ClInclude>
    <ClInclude Include="include\G3D\Log.h">
      <Filter>Header Files</Filter>
    </ClInclude>
    <ClInclude Include="include\G3D\Matrix3.h">
      <Filter>Header Files</Filter>
    </ClInclude>
    <ClInclude Include="include\G3D\Matrix4.h">
      <Filter>Header Files</Filter>
    </ClInclude>
    <ClInclude Include="include\G3D\MeshAlg.h">
      <Filter>Header Files</Filter>
    </ClInclude>
    <ClInclude Include="include\G3D\MeshBuilder.h">
      <Filter>Header Files</Filter>
    </ClInclude>
    <ClInclude Include="include\G3D\NetAddress.h">
      <Filter>Header Files</Filter>
    </ClInclude>
    <ClInclude Include="include\G3D\NetworkDevice.h">
      <Filter>Header Files</Filter>
    </ClInclude>
    <ClInclude Include="include\G3D\PhysicsFrame.h">
      <Filter>Header Files</Filter>
    </ClInclude>
    <ClInclude Include="include\G3D\Plane.h">
      <Filter>Header Files</Filter>
    </ClInclude>
    <ClInclude Include="include\G3D\platform.h">
      <Filter>Header Files</Filter>
    </ClInclude>
    <ClInclude Include="include\G3D\prompt.h">
      <Filter>Header Files</Filter>
    </ClInclude>
    <ClInclude Include="include\G3D\Quat.h">
      <Filter>Header Files</Filter>
    </ClInclude>
    <ClInclude Include="include\G3D\Queue.h">
      <Filter>Header Files</Filter>
    </ClInclude>
    <ClInclude Include="include\G3D\Ray.h">
      <Filter>Header Files</Filter>
    </ClInclude>
    <ClInclude Include="include\G3D\Rect2D.h">
      <Filter>Header Files</Filter>
    </ClInclude>
    <ClInclude Include="include\G3D\ReferenceCount.h">
      <Filter>Header Files</Filter>
    </ClInclude>
    <ClInclude Include="include\G3D\RegistryUtil.h">
      <Filter>Header Files</Filter>
    </ClInclude>
    <ClInclude Include="include\G3D\Set.h">
      <Filter>Header Files</Filter>
    </ClInclude>
    <ClInclude Include="include\G3D\Sphere.h">
      <Filter>Header Files</Filter>
    </ClInclude>
    <ClInclude Include="include\G3D\spline.h">
      <Filter>Header Files</Filter>
    </ClInclude>
    <ClInclude Include="include\G3D\Stopwatch.h">
      <Filter>Header Files</Filter>
    </ClInclude>
    <ClInclude Include="include\G3D\stringutils.h">
      <Filter>Header Files</Filter>
    </ClInclude>
    <ClInclude Include="include\G3D\System.h">
      <Filter>Header Files</Filter>
    </ClInclude>
    <ClInclude Include="include\G3D\Table.h">
      <Filter>Header Files</Filter>
    </ClInclude>
    <ClInclude Include="include\G3D\TextInput.h">
      <Filter>Header Files</Filter>
    </ClInclude>
    <ClInclude Include="include\G3D\TextOutput.h">
      <Filter>Header Files</Filter>
    </ClInclude>
    <ClInclude Include="include\G3D\Triangle.h">
      <Filter>Header Files</Filter>
    </ClInclude>
    <ClInclude Include="include\G3D\Vector2.h">
      <Filter>Header Files</Filter>
    </ClInclude>
    <ClInclude Include="include\G3D\Vector2int16.h">
      <Filter>Header Files</Filter>
    </ClInclude>
    <ClInclude Include="include\G3D\Vector3.h">
      <Filter>Header Files</Filter>
    </ClInclude>
    <ClInclude Include="include\G3D\Vector3int16.h">
      <Filter>Header Files</Filter>
    </ClInclude>
    <ClInclude Include="include\G3D\Vector4.h">
      <Filter>Header Files</Filter>
    </ClInclude>
    <ClInclude Include="include\G3D\vectorMath.h">
      <Filter>Header Files</Filter>
    </ClInclude>
    <ClInclude Include="include\GL\gl.h">
      <Filter>Header Files</Filter>
    </ClInclude>
    <ClInclude Include="include\GL\glext.h">
      <Filter>Header Files</Filter>
    </ClInclude>
    <ClInclude Include="include\GL\glut.h">
      <Filter>Header Files</Filter>
    </ClInclude>
    <ClInclude Include="include\GL\glx.h">
      <Filter>Header Files</Filter>
    </ClInclude>
    <ClInclude Include="include\GL\glxext.h">
      <Filter>Header Files</Filter>
    </ClInclude>
    <ClInclude Include="include\GL\glxtokens.h">
      <Filter>Header Files</Filter>
    </ClInclude>
    <ClInclude Include="include\GL\wglext.h">
      <Filter>Header Files</Filter>
    </ClInclude>
    <ClInclude Include="include\GLG3D\Draw.h">
      <Filter>Header Files</Filter>
    </ClInclude>
    <ClInclude Include="include\GLG3D\DXCaps.h">
      <Filter>Header Files</Filter>
    </ClInclude>
    <ClInclude Include="include\GLG3D\edgeFeatures.h">
      <Filter>Header Files</Filter>
    </ClInclude>
    <ClInclude Include="include\GLG3D\Framebuffer.h">
      <Filter>Header Files</Filter>
    </ClInclude>
    <ClInclude Include="include\GLG3D\GApp.h">
      <Filter>Header Files</Filter>
    </ClInclude>
    <ClInclude Include="include\GLG3D\getOpenGLState.h">
      <Filter>Header Files</Filter>
    </ClInclude>
    <ClInclude Include="include\GLG3D\GFont.h">
      <Filter>Header Files</Filter>
    </ClInclude>
    <ClInclude Include="include\GLG3D\glcalls.h">
      <Filter>Header Files</Filter>
    </ClInclude>
    <ClInclude Include="include\GLG3D\GLCaps.h">
      <Filter>Header Files</Filter>
    </ClInclude>
    <ClInclude Include="include\GLG3D\glFormat.h">
      <Filter>Header Files</Filter>
    </ClInclude>
    <ClInclude Include="include\GLG3D\glheaders.h">
      <Filter>Header Files</Filter>
    </ClInclude>
    <ClInclude Include="include\GLG3D\GModule.h">
      <Filter>Header Files</Filter>
    </ClInclude>
    <ClInclude Include="include\GLG3D\GPUProgram.h">
      <Filter>Header Files</Filter>
    </ClInclude>
    <ClInclude Include="include\GLG3D\GWindow.h">
      <Filter>Header Files</Filter>
    </ClInclude>
    <ClInclude Include="include\GLG3D\GWindowSettings.h">
      <Filter>Header Files</Filter>
    </ClInclude>
    <ClInclude Include="include\GLG3D\IFSModel.h">
      <Filter>Header Files</Filter>
    </ClInclude>
    <ClInclude Include="include\GLG3D\LightingParameters.h">
      <Filter>Header Files</Filter>
    </ClInclude>
    <ClInclude Include="include\GLG3D\ManualCameraController.h">
      <Filter>Header Files</Filter>
    </ClInclude>
    <ClInclude Include="include\GLG3D\MD2Model.h">
      <Filter>Header Files</Filter>
    </ClInclude>
    <ClInclude Include="include\GLG3D\Milestone.h">
      <Filter>Header Files</Filter>
    </ClInclude>
    <ClInclude Include="include\GLG3D\PixelProgram.h">
      <Filter>Header Files</Filter>
    </ClInclude>
    <ClInclude Include="include\GLG3D\PosedModel.h">
      <Filter>Header Files</Filter>
    </ClInclude>
    <ClInclude Include="include\GLG3D\Renderbuffer.h">
      <Filter>Header Files</Filter>
    </ClInclude>
    <ClInclude Include="include\GLG3D\RenderDevice.h">
      <Filter>Header Files</Filter>
    </ClInclude>
    <ClInclude Include="include\GLG3D\SDLWindow.h">
      <Filter>Header Files</Filter>
    </ClInclude>
    <ClInclude Include="include\GLG3D\Shader.h">
      <Filter>Header Files</Filter>
    </ClInclude>
    <ClInclude Include="include\GLG3D\shadowVolume.h">
      <Filter>Header Files</Filter>
    </ClInclude>
    <ClInclude Include="include\GLG3D\Shape.h">
      <Filter>Header Files</Filter>
    </ClInclude>
    <ClInclude Include="include\GLG3D\Sky.h">
      <Filter>Header Files</Filter>
    </ClInclude>
    <ClInclude Include="include\GLG3D\tesselate.h">
      <Filter>Header Files</Filter>
    </ClInclude>
    <ClInclude Include="include\GLG3D\Texture.h">
      <Filter>Header Files</Filter>
    </ClInclude>
    <ClInclude Include="include\GLG3D\TextureFormat.h">
      <Filter>Header Files</Filter>
    </ClInclude>
    <ClInclude Include="include\GLG3D\TextureManager.h">
      <Filter>Header Files</Filter>
    </ClInclude>
    <ClInclude Include="include\GLG3D\UserInput.h">
      <Filter>Header Files</Filter>
    </ClInclude>
    <ClInclude Include="include\GLG3D\VAR.h">
      <Filter>Header Files</Filter>
    </ClInclude>
    <ClInclude Include="include\GLG3D\VARArea.h">
      <Filter>Header Files</Filter>
    </ClInclude>
    <ClInclude Include="include\GLG3D\VertexProgram.h">
      <Filter>Header Files</Filter>
    </ClInclude>
    <ClInclude Include="include\GLG3D\Win32Window.h">
      <Filter>Header Files</Filter>
    </ClInclude>
    <ClInclude Include="include\GLG3D\X11Window.h">
      <Filter>Header Files</Filter>
    </ClInclude>
    <ClInclude Include="applet.h">
      <Filter>Header Files</Filter>
    </ClInclude>
    <ClInclude Include="ezfs.h">
      <Filter>Header Files</Filter>
    </ClInclude>
    <ClInclude Include="world\render\renderWorld.h">
      <Filter>Header Files</Filter>
    </ClInclude>
    <ClInclude Include="world\instance.h">
      <Filter>Header Files</Filter>
    </ClInclude>
    <ClInclude Include="world\datamodel.h">
      <Filter>Header Files</Filter>
    </ClInclude>
    <ClInclude Include="world\workspace.h">
      <Filter>Header Files</Filter>
    </ClInclude>
    <ClInclude Include="world\model.h">
      <Filter>Header Files</Filter>
    </ClInclude>
    <ClInclude Include="world\object\pvinstance.h">
      <Filter>Header Files</Filter>
    </ClInclude>
    <ClInclude Include="world\ui\control.h">
      <Filter>Header Files</Filter>
    </ClInclude>
    <ClInclude Include="world\object\renderstub.h">
      <Filter>Header Files</Filter>
    </ClInclude>
    <ClInclude Include="world\ui\guiRoot.h">
      <Filter>Header Files</Filter>
    </ClInclude>
    <ClInclude Include="world\object\partInstance.h">
      <Filter>Header Files</Filter>
    </ClInclude>
    <ClInclude Include="world\render\renderLevel.h">
      <Filter>Header Files</Filter>
    </ClInclude>
    <ClInclude Include="world\lighting.h">
      <Filter>Header Files</Filter>
    </ClInclude>
    <ClInclude Include="world\render\renderHelp.hpp">
      <Filter>Header Files</Filter>
    </ClInclude>
    <ClInclude Include="world\render\surface.hpp">
      <Filter>Header Files</Filter>
    </ClInclude>
    <ClInclude Include="world\render\cylinder.hpp">
      <Filter>Header Files</Filter>
    </ClInclude>
    <ClInclude Include="world\render\icosphere.hpp">
      <Filter>Header Files</Filter>
    </ClInclude>
    <ClInclude Include="world\physics\body.h">
      <Filter>Header Files</Filter>
    </ClInclude>
    <ClInclude Include="world\physics\primitive.h">
      <Filter>Header Files</Filter>
    </ClInclude>
    <ClInclude Include="world\physics\kernel.h">
      <Filter>Header Files</Filter>
    </ClInclude>
    <ClInclude Include="world\runService.h">
      <Filter>Header Files</Filter>
    </ClInclude>
    <ClInclude Include="world\object\stepperstub.h">
      <Filter>Header Files</Filter>
    </ClInclude>
    <ClInclude Include="world\physics\joint\joint.h">
      <Filter>Header Files</Filter>
    </ClInclude>
    <ClInclude Include="world\physics\joint\motorJoint.h">
      <Filter>Header Files</Filter>
    </ClInclude>
  </ItemGroup>
  <ItemGroup>
    <None Include="include\SDL_config.h.default" />
    <None Include="include\SDL_config.h.in" />
    <None Include="include\G3D\Color3.inl">
      <Filter>Header Files</Filter>
    </None>
    <None Include="include\G3D\Color4.inl">
      <Filter>Header Files</Filter>
    </None>
    <None Include="include\G3D\g3dmath.inl">
      <Filter>Header Files</Filter>
    </None>
    <None Include="include\G3D\Quat.inl">
      <Filter>Header Files</Filter>
    </None>
    <None Include="include\G3D\Vector2.inl">
      <Filter>Header Files</Filter>
    </None>
    <None Include="include\G3D\Vector3.inl">
      <Filter>Header Files</Filter>
    </None>
    <None Include="include\G3D\Vector4.inl">
      <Filter>Header Files</Filter>
    </None>
  </ItemGroup>
  <ItemGroup>
    <ClCompile Include="applet.cpp">
      <Filter>Source Files</Filter>
    </ClCompile>
    <ClCompile Include="main.cpp">
      <Filter>Source Files</Filter>
    </ClCompile>
    <ClCompile Include="world\render\renderWorld.cpp">
      <Filter>Source Files</Filter>
    </ClCompile>
    <ClCompile Include="world\instance.cpp">
      <Filter>Source Files</Filter>
    </ClCompile>
    <ClCompile Include="world\datamodel.cpp">
      <Filter>Source Files</Filter>
    </ClCompile>
    <ClCompile Include="world\model.cpp">
      <Filter>Source Files</Filter>
    </ClCompile>
    <ClCompile Include="world\workspace.cpp">
      <Filter>Source Files</Filter>
    </ClCompile>
    <ClCompile Include="world\object\pvinstance.cpp">
      <Filter>Source Files</Filter>
    </ClCompile>
    <ClCompile Include="world\ui\guiRoot.cpp">
      <Filter>Source Files</Filter>
    </ClCompile>
    <ClCompile Include="world\object\partinstance.cpp">
      <Filter>Source Files</Filter>
    </ClCompile>
    <ClCompile Include="world\render\renderLevel.cpp">
      <Filter>Source Files</Filter>
    </ClCompile>
    <ClCompile Include="world\render\blockMesh.cpp">
      <Filter>Source Files</Filter>
    </ClCompile>
    <ClCompile Include="world\lighting.cpp">
      <Filter>Source Files</Filter>
    </ClCompile>
    <ClCompile Include="include\ode\OPCODE\OPC_AABBCollider.cpp">
      <Filter>Source Files</Filter>
    </ClCompile>
    <ClCompile Include="include\ode\OPCODE\OPC_AABBTree.cpp">
      <Filter>Source Files</Filter>
    </ClCompile>
    <ClCompile Include="include\ode\OPCODE\OPC_BaseModel.cpp">
      <Filter>Source Files</Filter>
    </ClCompile>
    <ClCompile Include="include\ode\OPCODE\OPC_BoxPruning.cpp">
      <Filter>Source Files</Filter>
    </ClCompile>
    <ClCompile Include="include\ode\OPCODE\OPC_Collider.cpp">
      <Filter>Source Files</Filter>
    </ClCompile>
    <ClCompile Include="include\ode\OPCODE\OPC_Common.cpp">
      <Filter>Source Files</Filter>
    </ClCompile>
    <ClCompile Include="include\ode\OPCODE\OPC_HybridModel.cpp">
      <Filter>Source Files</Filter>
    </ClCompile>
    <ClCompile Include="include\ode\OPCODE\OPC_LSSCollider.cpp">
      <Filter>Source Files</Filter>
    </ClCompile>
    <ClCompile Include="include\ode\OPCODE\OPC_MeshInterface.cpp">
      <Filter>Source Files</Filter>
    </ClCompile>
    <ClCompile Include="include\ode\OPCODE\OPC_Model.cpp">
      <Filter>Source Files</Filter>
    </ClCompile>
    <ClCompile Include="include\ode\OPCODE\OPC_OBBCollider.cpp">
      <Filter>Source Files</Filter>
    </ClCompile>
    <ClCompile Include="include\ode\OPCODE\OPC_OptimizedTree.cpp">
      <Filter>Source Files</Filter>
    </ClCompile>
    <ClCompile Include="include\ode\OPCODE\OPC_Picking.cpp">
      <Filter>Source Files</Filter>
    </ClCompile>
    <ClCompile Include="include\ode\OPCODE\OPC_PlanesCollider.cpp">
      <Filter>Source Files</Filter>
    </ClCompile>
    <ClCompile Include="include\ode\OPCODE\OPC_RayCollider.cpp">
      <Filter>Source Files</Filter>
    </ClCompile>
    <ClCompile Include="include\ode\OPCODE\OPC_SphereCollider.cpp">
      <Filter>Source Files</Filter>
    </ClCompile>
    <ClCompile Include="include\ode\OPCODE\OPC_SweepAndPrune.cpp">
      <Filter>Source Files</Filter>
    </ClCompile>
    <ClCompile Include="include\ode\OPCODE\OPC_TreeBuilders.cpp">
      <Filter>Source Files</Filter>
    </ClCompile>
    <ClCompile Include="include\ode\OPCODE\OPC_TreeCollider.cpp">
      <Filter>Source Files</Filter>
    </ClCompile>
    <ClCompile Include="include\ode\OPCODE\OPC_VolumeCollider.cpp">
      <Filter>Source Files</Filter>
    </ClCompile>
    <ClCompile Include="include\ode\OPCODE\Opcode.cpp">
      <Filter>Source Files</Filter>
    </ClCompile>
    <ClCompile Include="include\ode\src\box.cpp">
      <Filter>Source Files</Filter>
    </ClCompile>
    <ClCompile Include="include\ode\src\capsule.cpp">
      <Filter>Source Files</Filter>
    </ClCompile>
    <ClCompile Include="include\ode\src\collision_cylinder_box.cpp">
      <Filter>Source Files</Filter>
    </ClCompile>
    <ClCompile Include="include\ode\src\collision_cylinder_plane.cpp">
      <Filter>Source Files</Filter>
    </ClCompile>
    <ClCompile Include="include\ode\src\collision_cylinder_sphere.cpp">
      <Filter>Source Files</Filter>
    </ClCompile>
    <ClCompile Include="include\ode\src\collision_kernel.cpp">
      <Filter>Source Files</Filter>
    </ClCompile>
    <ClCompile Include="include\ode\src\collision_quadtreespace.cpp">
      <Filter>Source Files</Filter>
    </ClCompile>
    <ClCompile Include="include\ode\src\collision_space.cpp">
      <Filter>Source Files</Filter>
    </ClCompile>
    <ClCompile Include="include\ode\src\collision_transform.cpp">
      <Filter>Source Files</Filter>
    </ClCompile>
    <ClCompile Include="include\ode\src\collision_util.cpp">
      <Filter>Source Files</Filter>
    </ClCompile>
    <ClCompile Include="include\ode\src\convex.cpp">
      <Filter>Source Files</Filter>
    </ClCompile>
    <ClCompile Include="include\ode\src\cylinder.cpp">
      <Filter>Source Files</Filter>
    </ClCompile>
    <ClCompile Include="include\ode\src\error.cpp">
      <Filter>Source Files</Filter>
    </ClCompile>
    <ClCompile Include="include\ode\src\export-dif.cpp">
      <Filter>Source Files</Filter>
    </ClCompile>
    <ClCompile Include="include\ode\src\joint.cpp">
      <Filter>Source Files</Filter>
    </ClCompile>
    <ClCompile Include="include\ode\src\mass.cpp">
      <Filter>Source Files</Filter>
    </ClCompile>
    <ClCompile Include="include\ode\src\mat.cpp">
      <Filter>Source Files</Filter>
    </ClCompile>
    <ClCompile Include="include\ode\src\matrix.cpp">
      <Filter>Source Files</Filter>
    </ClCompile>
    <ClCompile Include="include\ode\src\memory.cpp">
      <Filter>Source Files</Filter>
    </ClCompile>
    <ClCompile Include="include\ode\src\misc.cpp">
      <Filter>Source Files</Filter>
    </ClCompile>
    <ClCompile Include="include\ode\src\obstack.cpp">
      <Filter>Source Files</Filter>
    </ClCompile>
    <ClCompile Include="include\ode\src\ode.cpp">
      <Filter>Source Files</Filter>
    </ClCompile>
    <ClCompile Include="include\ode\src\odemath.cpp">
      <Filter>Source Files</Filter>
    </ClCompile>
    <ClCompile Include="include\ode\src\plane.cpp">
      <Filter>Source Files</Filter>
    </ClCompile>
    <ClCompile Include="include\ode\src\quickstep.cpp">
      <Filter>Source Files</Filter>
    </ClCompile>
    <ClCompile Include="include\ode\src\ray.cpp">
      <Filter>Source Files</Filter>
    </ClCompile>
    <ClCompile Include="include\ode\src\rotation.cpp">
      <Filter>Source Files</Filter>
    </ClCompile>
    <ClCompile Include="include\ode\src\sphere.cpp">
      <Filter>Source Files</Filter>
    </ClCompile>
    <ClCompile Include="include\ode\src\step.cpp">
      <Filter>Source Files</Filter>
    </ClCompile>
    <ClCompile Include="include\ode\src\stepfast.cpp">
      <Filter>Source Files</Filter>
    </ClCompile>
    <ClCompile Include="include\ode\src\timer.cpp">
      <Filter>Source Files</Filter>
    </ClCompile>
    <ClCompile Include="include\ode\src\util.cpp">
      <Filter>Source Files</Filter>
    </ClCompile>
    <ClCompile Include="include\ode\OPCODE\Ice\IceAABB.cpp">
      <Filter>Source Files</Filter>
    </ClCompile>
    <ClCompile Include="include\ode\OPCODE\Ice\IceContainer.cpp">
      <Filter>Source Files</Filter>
    </ClCompile>
    <ClCompile Include="include\ode\OPCODE\Ice\IceHPoint.cpp">
      <Filter>Source Files</Filter>
    </ClCompile>
    <ClCompile Include="include\ode\OPCODE\Ice\IceIndexedTriangle.cpp">
      <Filter>Source Files</Filter>
    </ClCompile>
    <ClCompile Include="include\ode\OPCODE\Ice\IceMatrix3x3.cpp">
      <Filter>Source Files</Filter>
    </ClCompile>
    <ClCompile Include="include\ode\OPCODE\Ice\IceMatrix4x4.cpp">
      <Filter>Source Files</Filter>
    </ClCompile>
    <ClCompile Include="include\ode\OPCODE\Ice\IceOBB.cpp">
      <Filter>Source Files</Filter>
    </ClCompile>
    <ClCompile Include="include\ode\OPCODE\Ice\IcePlane.cpp">
      <Filter>Source Files</Filter>
    </ClCompile>
    <ClCompile Include="include\ode\OPCODE\Ice\IcePoint.cpp">
      <Filter>Source Files</Filter>
    </ClCompile>
    <ClCompile Include="include\ode\OPCODE\Ice\IceRandom.cpp">
      <Filter>Source Files</Filter>
    </ClCompile>
    <ClCompile Include="include\ode\OPCODE\Ice\IceRay.cpp">
      <Filter>Source Files</Filter>
    </ClCompile>
    <ClCompile Include="include\ode\OPCODE\Ice\IceRevisitedRadix.cpp">
      <Filter>Source Files</Filter>
    </ClCompile>
    <ClCompile Include="include\ode\OPCODE\Ice\IceSegment.cpp">
      <Filter>Source Files</Filter>
    </ClCompile>
    <ClCompile Include="include\ode\OPCODE\Ice\IceTriangle.cpp">
      <Filter>Source Files</Filter>
    </ClCompile>
    <ClCompile Include="include\ode\OPCODE\Ice\IceUtils.cpp">
      <Filter>Source Files</Filter>
    </ClCompile>
    <ClCompile Include="include\ode\src\array.cpp">
      <Filter>Source Files</Filter>
    </ClCompile>
    <ClCompile Include="include\ode\OPCODE\StdAfx.cpp">
      <Filter>Source Files</Filter>
    </ClCompile>
    <ClCompile Include="include\ode\src\lcp.cpp">
      <Filter>Source Files</Filter>
    </ClCompile>
    <ClCompile Include="include\ode\src\fastlsolve.c">
      <Filter>Source Files</Filter>
    </ClCompile>
    <ClCompile Include="include\ode\src\fastdot.c">
      <Filter>Source Files</Filter>
    </ClCompile>
    <ClCompile Include="include\ode\src\fastldlt.c">
      <Filter>Source Files</Filter>
    </ClCompile>
    <ClCompile Include="include\ode\src\fastltsolve.c">
      <Filter>Source Files</Filter>
    </ClCompile>
    <ClCompile Include="world\physics\kernel.cpp">
      <Filter>Source Files</Filter>
    </ClCompile>
    <ClCompile Include="world\physics\body.cpp">
      <Filter>Source Files</Filter>
    </ClCompile>
    <ClCompile Include="world\physics\primitive.cpp">
      <Filter>Source Files</Filter>
    </ClCompile>
    <ClCompile Include="world\runService.cpp">
      <Filter>Source Files</Filter>
    </ClCompile>
    <ClCompile Include="world\physics\joint\_joint.cpp">
      <Filter>Source Files</Filter>
    </ClCompile>
    <ClCompile Include="world\physics\joint\motorJoint.cpp">
      <Filter>Source Files</Filter>
    </ClCompile>
  </ItemGroup>
</Project>